# This file is automatically @generated by Cargo.
# It is not intended for manual editing.
version = 4

[[package]]
name = "litm-app"
version = "0.1.0"

[[package]]
name = "litm-common"
version = "0.1.0"

[[package]]
name = "litm-delivery"
version = "0.1.0"

[[package]]
name = "litm-mesh"
version = "0.1.0"

[[package]]
name = "litm-transport"
version = "0.1.0"
